// !$*UTF8*$!
{
	archiveVersion = 1;
	classes = {
	};
	objectVersion = 51;
	objects = {

/* Begin PBXBuildFile section */
		922FC56D2272832C0073879E /* PeripheralViewController.swift in Sources */ = {isa = PBXBuildFile; fileRef = 922FC56C2272832C0073879E /* PeripheralViewController.swift */; };
		92C6ED95226FCB7900B6011C /* AppDelegate.swift in Sources */ = {isa = PBXBuildFile; fileRef = 92C6ED94226FCB7900B6011C /* AppDelegate.swift */; };
		92C6ED97226FCB7900B6011C /* CentralViewController.swift in Sources */ = {isa = PBXBuildFile; fileRef = 92C6ED96226FCB7900B6011C /* CentralViewController.swift */; };
		92C6ED9A226FCB7900B6011C /* Main.storyboard in Resources */ = {isa = PBXBuildFile; fileRef = 92C6ED98226FCB7900B6011C /* Main.storyboard */; };
		92C6ED9C226FCB7A00B6011C /* Assets.xcassets in Resources */ = {isa = PBXBuildFile; fileRef = 92C6ED9B226FCB7A00B6011C /* Assets.xcassets */; };
		92C6ED9F226FCB7A00B6011C /* LaunchScreen.storyboard in Resources */ = {isa = PBXBuildFile; fileRef = 92C6ED9D226FCB7A00B6011C /* LaunchScreen.storyboard */; };
		B3D1F1E47275276D865CAB8B /* Pods_CoreBluetoothClassicSample.framework in Frameworks */ = {isa = PBXBuildFile; fileRef = C5E1CE08BFD1E8AAA6477910 /* Pods_CoreBluetoothClassicSample.framework */; };
		D645E4CB23CC732A00A76FA8 /* LogManager.swift in Sources */ = {isa = PBXBuildFile; fileRef = D645E4CA23CC732A00A76FA8 /* LogManager.swift */; };
		D645E4CD23CC734300A76FA8 /* LogsViewController.swift in Sources */ = {isa = PBXBuildFile; fileRef = D645E4CC23CC734300A76FA8 /* LogsViewController.swift */; };
		D652025A23CD8E3D0050C6FD /* BaseViewController.swift in Sources */ = {isa = PBXBuildFile; fileRef = D652024C23CD8E3D0050C6FD /* BaseViewController.swift */; };
		D652025B23CD8E3D0050C6FD /* DataViewController.swift in Sources */ = {isa = PBXBuildFile; fileRef = D652024E23CD8E3D0050C6FD /* DataViewController.swift */; };
		D652025C23CD8E3D0050C6FD /* MoreViewController.swift in Sources */ = {isa = PBXBuildFile; fileRef = D652025023CD8E3D0050C6FD /* MoreViewController.swift */; };
		D652025D23CD8E3D0050C6FD /* HWOptionController.swift in Sources */ = {isa = PBXBuildFile; fileRef = D652025223CD8E3D0050C6FD /* HWOptionController.swift */; };
		D652025E23CD8E3D0050C6FD /* CHOptionController.swift in Sources */ = {isa = PBXBuildFile; fileRef = D652025323CD8E3D0050C6FD /* CHOptionController.swift */; };
		D652025F23CD8E3D0050C6FD /* SedentaryViewController.swift in Sources */ = {isa = PBXBuildFile; fileRef = D652025423CD8E3D0050C6FD /* SedentaryViewController.swift */; };
		D652026023CD8E3D0050C6FD /* ClockViewController.swift in Sources */ = {isa = PBXBuildFile; fileRef = D652025523CD8E3D0050C6FD /* ClockViewController.swift */; };
		D652026123CD8E3D0050C6FD /* BlackListViewController.swift in Sources */ = {isa = PBXBuildFile; fileRef = D652025723CD8E3D0050C6FD /* BlackListViewController.swift */; };
		D652026223CD8E3D0050C6FD /* DConfigViewController.swift in Sources */ = {isa = PBXBuildFile; fileRef = D652025923CD8E3D0050C6FD /* DConfigViewController.swift */; };
		D652026423CD8F270050C6FD /* GlobalConst.swift in Sources */ = {isa = PBXBuildFile; fileRef = D652026323CD8F270050C6FD /* GlobalConst.swift */; };
		D652026923CDBB200050C6FD /* BLEProtobuf.swift in Sources */ = {isa = PBXBuildFile; fileRef = D652026823CDBB200050C6FD /* BLEProtobuf.swift */; };
		D652026B23CDC5040050C6FD /* DataHandleProtobuf.swift in Sources */ = {isa = PBXBuildFile; fileRef = D652026A23CDC5040050C6FD /* DataHandleProtobuf.swift */; };
		D652026D23CDC5150050C6FD /* DataParseProtobuf.swift in Sources */ = {isa = PBXBuildFile; fileRef = D652026C23CDC5150050C6FD /* DataParseProtobuf.swift */; };
		D652026F23CDC5BD0050C6FD /* BLEProtobuf_f.swift in Sources */ = {isa = PBXBuildFile; fileRef = D652026E23CDC5BD0050C6FD /* BLEProtobuf_f.swift */; };
		D6550C0323BE11FE007462B0 /* dev_info.pb.swift in Sources */ = {isa = PBXBuildFile; fileRef = D6550BE423BE11FE007462B0 /* dev_info.pb.swift */; };
		D6550C0423BE11FE007462B0 /* alarmclock.pb.swift in Sources */ = {isa = PBXBuildFile; fileRef = D6550BE523BE11FE007462B0 /* alarmclock.pb.swift */; };
		D6550C0523BE11FE007462B0 /* custom_dial.pb.swift in Sources */ = {isa = PBXBuildFile; fileRef = D6550BE623BE11FE007462B0 /* custom_dial.pb.swift */; };
		D6550C0623BE11FE007462B0 /* debug_conf.pb.swift in Sources */ = {isa = PBXBuildFile; fileRef = D6550BE723BE11FE007462B0 /* debug_conf.pb.swift */; };
		D6550C0723BE11FE007462B0 /* gsm_command.pb.swift in Sources */ = {isa = PBXBuildFile; fileRef = D6550BE823BE11FE007462B0 /* gsm_command.pb.swift */; };
		D6550C0823BE11FE007462B0 /* weather.pb.swift in Sources */ = {isa = PBXBuildFile; fileRef = D6550BE923BE11FE007462B0 /* weather.pb.swift */; };
		D6550C0923BE11FE007462B0 /* con_params.pb.swift in Sources */ = {isa = PBXBuildFile; fileRef = D6550BEA23BE11FE007462B0 /* con_params.pb.swift */; };
		D6550C0A23BE11FE007462B0 /* device_conf.pb.swift in Sources */ = {isa = PBXBuildFile; fileRef = D6550BEB23BE11FE007462B0 /* device_conf.pb.swift */; };
		D6550C0B23BE11FE007462B0 /* his_health_data.pb.swift in Sources */ = {isa = PBXBuildFile; fileRef = D6550BEC23BE11FE007462B0 /* his_health_data.pb.swift */; };
		D6550C0C23BE11FE007462B0 /* om0_command.pb.swift in Sources */ = {isa = PBXBuildFile; fileRef = D6550BED23BE11FE007462B0 /* om0_command.pb.swift */; };
		D6550C0D23BE11FE007462B0 /* his_swim_data.pb.swift in Sources */ = {isa = PBXBuildFile; fileRef = D6550BEE23BE11FE007462B0 /* his_swim_data.pb.swift */; };
		D6550C0E23BE11FE007462B0 /* phone_book.pb.swift in Sources */ = {isa = PBXBuildFile; fileRef = D6550BEF23BE11FE007462B0 /* phone_book.pb.swift */; };
		D6550C0F23BE11FE007462B0 /* sedentariness.pb.swift in Sources */ = {isa = PBXBuildFile; fileRef = D6550BF023BE11FE007462B0 /* sedentariness.pb.swift */; };
		D6550C1023BE11FE007462B0 /* his_spo2_data.pb.swift in Sources */ = {isa = PBXBuildFile; fileRef = D6550BF123BE11FE007462B0 /* his_spo2_data.pb.swift */; };
		D6550C1123BE11FE007462B0 /* his_ppg_data.pb.swift in Sources */ = {isa = PBXBuildFile; fileRef = D6550BF223BE11FE007462B0 /* his_ppg_data.pb.swift */; };
		D6550C1223BE11FE007462B0 /* his_data.pb.swift in Sources */ = {isa = PBXBuildFile; fileRef = D6550BF323BE11FE007462B0 /* his_data.pb.swift */; };
		D6550C1323BE11FE007462B0 /* data_info.pb.swift in Sources */ = {isa = PBXBuildFile; fileRef = D6550BF423BE11FE007462B0 /* data_info.pb.swift */; };
		D6550C1423BE11FE007462B0 /* msg_notify.pb.swift in Sources */ = {isa = PBXBuildFile; fileRef = D6550BF523BE11FE007462B0 /* msg_notify.pb.swift */; };
		D6550C1523BE11FE007462B0 /* his_ecg_data.pb.swift in Sources */ = {isa = PBXBuildFile; fileRef = D6550BF623BE11FE007462B0 /* his_ecg_data.pb.swift */; };
		D6550C1623BE11FE007462B0 /* his_rri_data.pb.swift in Sources */ = {isa = PBXBuildFile; fileRef = D6550BF723BE11FE007462B0 /* his_rri_data.pb.swift */; };
		D6550C1723BE11FE007462B0 /* factory_test.pb.swift in Sources */ = {isa = PBXBuildFile; fileRef = D6550BF823BE11FE007462B0 /* factory_test.pb.swift */; };
		D6550C1823BE11FE007462B0 /* files_update.pb.swift in Sources */ = {isa = PBXBuildFile; fileRef = D6550BF923BE11FE007462B0 /* files_update.pb.swift */; };
		D6550C1923BE11FE007462B0 /* realtime_data.pb.swift in Sources */ = {isa = PBXBuildFile; fileRef = D6550BFA23BE11FE007462B0 /* realtime_data.pb.swift */; };
		D6550C1A23BE11FE007462B0 /* peer_info.pb.swift in Sources */ = {isa = PBXBuildFile; fileRef = D6550BFB23BE11FE007462B0 /* peer_info.pb.swift */; };
		D6550C1B23BE11FE007462B0 /* his_gnss_data.pb.swift in Sources */ = {isa = PBXBuildFile; fileRef = D6550BFC23BE11FE007462B0 /* his_gnss_data.pb.swift */; };
		D6550C1C23BE11FE007462B0 /* calendar.pb.swift in Sources */ = {isa = PBXBuildFile; fileRef = D6550BFD23BE11FE007462B0 /* calendar.pb.swift */; };
		D6550C1D23BE11FE007462B0 /* airquality.pb.swift in Sources */ = {isa = PBXBuildFile; fileRef = D6550BFE23BE11FE007462B0 /* airquality.pb.swift */; };
		D6550C1E23BE11FE007462B0 /* motor_conf.pb.swift in Sources */ = {isa = PBXBuildFile; fileRef = D6550BFF23BE11FE007462B0 /* motor_conf.pb.swift */; };
		D6550C1F23BE11FE007462B0 /* his_medic_data.pb.swift in Sources */ = {isa = PBXBuildFile; fileRef = D6550C0023BE11FE007462B0 /* his_medic_data.pb.swift */; };
		D6550C2023BE11FE007462B0 /* shbus_cmd.pb.swift in Sources */ = {isa = PBXBuildFile; fileRef = D6550C0123BE11FE007462B0 /* shbus_cmd.pb.swift */; };
		D6550C2123BE11FE007462B0 /* c110_cmd.pb.swift in Sources */ = {isa = PBXBuildFile; fileRef = D6550C0223BE11FE007462B0 /* c110_cmd.pb.swift */; };
/* End PBXBuildFile section */

/* Begin PBXFileReference section */
		328D6D6244D544BBDF53A412 /* Pods-CoreBluetoothClassicSample.debug.xcconfig */ = {isa = PBXFileReference; includeInIndex = 1; lastKnownFileType = text.xcconfig; name = "Pods-CoreBluetoothClassicSample.debug.xcconfig"; path = "Target Support Files/Pods-CoreBluetoothClassicSample/Pods-CoreBluetoothClassicSample.debug.xcconfig"; sourceTree = "<group>"; };
		7644E5007644CEC000000001 /* README.md */ = {isa = PBXFileReference; lastKnownFileType = net.daringfireball.markdown; path = README.md; sourceTree = "<group>"; };
		922FC56C2272832C0073879E /* PeripheralViewController.swift */ = {isa = PBXFileReference; lastKnownFileType = sourcecode.swift; path = PeripheralViewController.swift; sourceTree = "<group>"; };
		92C6ED91226FCB7900B6011C /* CoreBluetoothClassicSample.app */ = {isa = PBXFileReference; explicitFileType = wrapper.application; includeInIndex = 0; path = CoreBluetoothClassicSample.app; sourceTree = BUILT_PRODUCTS_DIR; };
		92C6ED94226FCB7900B6011C /* AppDelegate.swift */ = {isa = PBXFileReference; lastKnownFileType = sourcecode.swift; path = AppDelegate.swift; sourceTree = "<group>"; };
		92C6ED96226FCB7900B6011C /* CentralViewController.swift */ = {isa = PBXFileReference; lastKnownFileType = sourcecode.swift; path = CentralViewController.swift; sourceTree = "<group>"; };
		92C6ED99226FCB7900B6011C /* Base */ = {isa = PBXFileReference; lastKnownFileType = file.storyboard; name = Base; path = Base.lproj/Main.storyboard; sourceTree = "<group>"; };
		92C6ED9B226FCB7A00B6011C /* Assets.xcassets */ = {isa = PBXFileReference; lastKnownFileType = folder.assetcatalog; path = Assets.xcassets; sourceTree = "<group>"; };
		92C6ED9E226FCB7A00B6011C /* Base */ = {isa = PBXFileReference; lastKnownFileType = file.storyboard; name = Base; path = Base.lproj/LaunchScreen.storyboard; sourceTree = "<group>"; };
		92C6EDA0226FCB7A00B6011C /* Info.plist */ = {isa = PBXFileReference; lastKnownFileType = text.plist.xml; path = Info.plist; sourceTree = "<group>"; };
		937977F04A39469897A826E5 /* Pods-CoreBluetoothClassicSample.release.xcconfig */ = {isa = PBXFileReference; includeInIndex = 1; lastKnownFileType = text.xcconfig; name = "Pods-CoreBluetoothClassicSample.release.xcconfig"; path = "Target Support Files/Pods-CoreBluetoothClassicSample/Pods-CoreBluetoothClassicSample.release.xcconfig"; sourceTree = "<group>"; };
		AD45A230AD459C8000000001 /* LICENSE.txt */ = {isa = PBXFileReference; includeInIndex = 1; lastKnownFileType = text; path = LICENSE.txt; sourceTree = "<group>"; };
		AD5C32F0AD5C30C000000001 /* SampleCode.xcconfig */ = {isa = PBXFileReference; lastKnownFileType = text.xcconfig; name = SampleCode.xcconfig; path = Configuration/SampleCode.xcconfig; sourceTree = "<group>"; };
		C5E1CE08BFD1E8AAA6477910 /* Pods_CoreBluetoothClassicSample.framework */ = {isa = PBXFileReference; explicitFileType = wrapper.framework; includeInIndex = 0; path = Pods_CoreBluetoothClassicSample.framework; sourceTree = BUILT_PRODUCTS_DIR; };
		D645E4CA23CC732A00A76FA8 /* LogManager.swift */ = {isa = PBXFileReference; lastKnownFileType = sourcecode.swift; path = LogManager.swift; sourceTree = "<group>"; };
		D645E4CC23CC734300A76FA8 /* LogsViewController.swift */ = {isa = PBXFileReference; lastKnownFileType = sourcecode.swift; path = LogsViewController.swift; sourceTree = "<group>"; };
		D652024C23CD8E3D0050C6FD /* BaseViewController.swift */ = {isa = PBXFileReference; fileEncoding = 4; lastKnownFileType = sourcecode.swift; path = BaseViewController.swift; sourceTree = "<group>"; };
		D652024E23CD8E3D0050C6FD /* DataViewController.swift */ = {isa = PBXFileReference; fileEncoding = 4; lastKnownFileType = sourcecode.swift; path = DataViewController.swift; sourceTree = "<group>"; };
		D652025023CD8E3D0050C6FD /* MoreViewController.swift */ = {isa = PBXFileReference; fileEncoding = 4; lastKnownFileType = sourcecode.swift; path = MoreViewController.swift; sourceTree = "<group>"; };
		D652025223CD8E3D0050C6FD /* HWOptionController.swift */ = {isa = PBXFileReference; fileEncoding = 4; lastKnownFileType = sourcecode.swift; path = HWOptionController.swift; sourceTree = "<group>"; };
		D652025323CD8E3D0050C6FD /* CHOptionController.swift */ = {isa = PBXFileReference; fileEncoding = 4; lastKnownFileType = sourcecode.swift; path = CHOptionController.swift; sourceTree = "<group>"; };
		D652025423CD8E3D0050C6FD /* SedentaryViewController.swift */ = {isa = PBXFileReference; fileEncoding = 4; lastKnownFileType = sourcecode.swift; path = SedentaryViewController.swift; sourceTree = "<group>"; };
		D652025523CD8E3D0050C6FD /* ClockViewController.swift */ = {isa = PBXFileReference; fileEncoding = 4; lastKnownFileType = sourcecode.swift; path = ClockViewController.swift; sourceTree = "<group>"; };
		D652025723CD8E3D0050C6FD /* BlackListViewController.swift */ = {isa = PBXFileReference; fileEncoding = 4; lastKnownFileType = sourcecode.swift; path = BlackListViewController.swift; sourceTree = "<group>"; };
		D652025923CD8E3D0050C6FD /* DConfigViewController.swift */ = {isa = PBXFileReference; fileEncoding = 4; lastKnownFileType = sourcecode.swift; path = DConfigViewController.swift; sourceTree = "<group>"; };
		D652026323CD8F270050C6FD /* GlobalConst.swift */ = {isa = PBXFileReference; fileEncoding = 4; lastKnownFileType = sourcecode.swift; path = GlobalConst.swift; sourceTree = "<group>"; };
		D652026823CDBB200050C6FD /* BLEProtobuf.swift */ = {isa = PBXFileReference; lastKnownFileType = sourcecode.swift; path = BLEProtobuf.swift; sourceTree = "<group>"; };
		D652026A23CDC5040050C6FD /* DataHandleProtobuf.swift */ = {isa = PBXFileReference; lastKnownFileType = sourcecode.swift; path = DataHandleProtobuf.swift; sourceTree = "<group>"; };
		D652026C23CDC5150050C6FD /* DataParseProtobuf.swift */ = {isa = PBXFileReference; lastKnownFileType = sourcecode.swift; path = DataParseProtobuf.swift; sourceTree = "<group>"; };
		D652026E23CDC5BD0050C6FD /* BLEProtobuf_f.swift */ = {isa = PBXFileReference; lastKnownFileType = sourcecode.swift; path = BLEProtobuf_f.swift; sourceTree = "<group>"; };
		D6550BE423BE11FE007462B0 /* dev_info.pb.swift */ = {isa = PBXFileReference; fileEncoding = 4; lastKnownFileType = sourcecode.swift; path = dev_info.pb.swift; sourceTree = "<group>"; };
		D6550BE523BE11FE007462B0 /* alarmclock.pb.swift */ = {isa = PBXFileReference; fileEncoding = 4; lastKnownFileType = sourcecode.swift; path = alarmclock.pb.swift; sourceTree = "<group>"; };
		D6550BE623BE11FE007462B0 /* custom_dial.pb.swift */ = {isa = PBXFileReference; fileEncoding = 4; lastKnownFileType = sourcecode.swift; path = custom_dial.pb.swift; sourceTree = "<group>"; };
		D6550BE723BE11FE007462B0 /* debug_conf.pb.swift */ = {isa = PBXFileReference; fileEncoding = 4; lastKnownFileType = sourcecode.swift; path = debug_conf.pb.swift; sourceTree = "<group>"; };
		D6550BE823BE11FE007462B0 /* gsm_command.pb.swift */ = {isa = PBXFileReference; fileEncoding = 4; lastKnownFileType = sourcecode.swift; path = gsm_command.pb.swift; sourceTree = "<group>"; };
		D6550BE923BE11FE007462B0 /* weather.pb.swift */ = {isa = PBXFileReference; fileEncoding = 4; lastKnownFileType = sourcecode.swift; path = weather.pb.swift; sourceTree = "<group>"; };
		D6550BEA23BE11FE007462B0 /* con_params.pb.swift */ = {isa = PBXFileReference; fileEncoding = 4; lastKnownFileType = sourcecode.swift; path = con_params.pb.swift; sourceTree = "<group>"; };
		D6550BEB23BE11FE007462B0 /* device_conf.pb.swift */ = {isa = PBXFileReference; fileEncoding = 4; lastKnownFileType = sourcecode.swift; path = device_conf.pb.swift; sourceTree = "<group>"; };
		D6550BEC23BE11FE007462B0 /* his_health_data.pb.swift */ = {isa = PBXFileReference; fileEncoding = 4; lastKnownFileType = sourcecode.swift; path = his_health_data.pb.swift; sourceTree = "<group>"; };
		D6550BED23BE11FE007462B0 /* om0_command.pb.swift */ = {isa = PBXFileReference; fileEncoding = 4; lastKnownFileType = sourcecode.swift; path = om0_command.pb.swift; sourceTree = "<group>"; };
		D6550BEE23BE11FE007462B0 /* his_swim_data.pb.swift */ = {isa = PBXFileReference; fileEncoding = 4; lastKnownFileType = sourcecode.swift; path = his_swim_data.pb.swift; sourceTree = "<group>"; };
		D6550BEF23BE11FE007462B0 /* phone_book.pb.swift */ = {isa = PBXFileReference; fileEncoding = 4; lastKnownFileType = sourcecode.swift; path = phone_book.pb.swift; sourceTree = "<group>"; };
		D6550BF023BE11FE007462B0 /* sedentariness.pb.swift */ = {isa = PBXFileReference; fileEncoding = 4; lastKnownFileType = sourcecode.swift; path = sedentariness.pb.swift; sourceTree = "<group>"; };
		D6550BF123BE11FE007462B0 /* his_spo2_data.pb.swift */ = {isa = PBXFileReference; fileEncoding = 4; lastKnownFileType = sourcecode.swift; path = his_spo2_data.pb.swift; sourceTree = "<group>"; };
		D6550BF223BE11FE007462B0 /* his_ppg_data.pb.swift */ = {isa = PBXFileReference; fileEncoding = 4; lastKnownFileType = sourcecode.swift; path = his_ppg_data.pb.swift; sourceTree = "<group>"; };
		D6550BF323BE11FE007462B0 /* his_data.pb.swift */ = {isa = PBXFileReference; fileEncoding = 4; lastKnownFileType = sourcecode.swift; path = his_data.pb.swift; sourceTree = "<group>"; };
		D6550BF423BE11FE007462B0 /* data_info.pb.swift */ = {isa = PBXFileReference; fileEncoding = 4; lastKnownFileType = sourcecode.swift; path = data_info.pb.swift; sourceTree = "<group>"; };
		D6550BF523BE11FE007462B0 /* msg_notify.pb.swift */ = {isa = PBXFileReference; fileEncoding = 4; lastKnownFileType = sourcecode.swift; path = msg_notify.pb.swift; sourceTree = "<group>"; };
		D6550BF623BE11FE007462B0 /* his_ecg_data.pb.swift */ = {isa = PBXFileReference; fileEncoding = 4; lastKnownFileType = sourcecode.swift; path = his_ecg_data.pb.swift; sourceTree = "<group>"; };
		D6550BF723BE11FE007462B0 /* his_rri_data.pb.swift */ = {isa = PBXFileReference; fileEncoding = 4; lastKnownFileType = sourcecode.swift; path = his_rri_data.pb.swift; sourceTree = "<group>"; };
		D6550BF823BE11FE007462B0 /* factory_test.pb.swift */ = {isa = PBXFileReference; fileEncoding = 4; lastKnownFileType = sourcecode.swift; path = factory_test.pb.swift; sourceTree = "<group>"; };
		D6550BF923BE11FE007462B0 /* files_update.pb.swift */ = {isa = PBXFileReference; fileEncoding = 4; lastKnownFileType = sourcecode.swift; path = files_update.pb.swift; sourceTree = "<group>"; };
		D6550BFA23BE11FE007462B0 /* realtime_data.pb.swift */ = {isa = PBXFileReference; fileEncoding = 4; lastKnownFileType = sourcecode.swift; path = realtime_data.pb.swift; sourceTree = "<group>"; };
		D6550BFB23BE11FE007462B0 /* peer_info.pb.swift */ = {isa = PBXFileReference; fileEncoding = 4; lastKnownFileType = sourcecode.swift; path = peer_info.pb.swift; sourceTree = "<group>"; };
		D6550BFC23BE11FE007462B0 /* his_gnss_data.pb.swift */ = {isa = PBXFileReference; fileEncoding = 4; lastKnownFileType = sourcecode.swift; path = his_gnss_data.pb.swift; sourceTree = "<group>"; };
		D6550BFD23BE11FE007462B0 /* calendar.pb.swift */ = {isa = PBXFileReference; fileEncoding = 4; lastKnownFileType = sourcecode.swift; path = calendar.pb.swift; sourceTree = "<group>"; };
		D6550BFE23BE11FE007462B0 /* airquality.pb.swift */ = {isa = PBXFileReference; fileEncoding = 4; lastKnownFileType = sourcecode.swift; path = airquality.pb.swift; sourceTree = "<group>"; };
		D6550BFF23BE11FE007462B0 /* motor_conf.pb.swift */ = {isa = PBXFileReference; fileEncoding = 4; lastKnownFileType = sourcecode.swift; path = motor_conf.pb.swift; sourceTree = "<group>"; };
		D6550C0023BE11FE007462B0 /* his_medic_data.pb.swift */ = {isa = PBXFileReference; fileEncoding = 4; lastKnownFileType = sourcecode.swift; path = his_medic_data.pb.swift; sourceTree = "<group>"; };
		D6550C0123BE11FE007462B0 /* shbus_cmd.pb.swift */ = {isa = PBXFileReference; fileEncoding = 4; lastKnownFileType = sourcecode.swift; path = shbus_cmd.pb.swift; sourceTree = "<group>"; };
		D6550C0223BE11FE007462B0 /* c110_cmd.pb.swift */ = {isa = PBXFileReference; fileEncoding = 4; lastKnownFileType = sourcecode.swift; path = c110_cmd.pb.swift; sourceTree = "<group>"; };
/* End PBXFileReference section */

/* Begin PBXFrameworksBuildPhase section */
		92C6ED8E226FCB7900B6011C /* Frameworks */ = {
			isa = PBXFrameworksBuildPhase;
			buildActionMask = 2147483647;
			files = (
				B3D1F1E47275276D865CAB8B /* Pods_CoreBluetoothClassicSample.framework in Frameworks */,
			);
			runOnlyForDeploymentPostprocessing = 0;
		};
/* End PBXFrameworksBuildPhase section */

/* Begin PBXGroup section */
		7A029B2321BB249A628A44AD /* Pods */ = {
			isa = PBXGroup;
			children = (
				328D6D6244D544BBDF53A412 /* Pods-CoreBluetoothClassicSample.debug.xcconfig */,
				937977F04A39469897A826E5 /* Pods-CoreBluetoothClassicSample.release.xcconfig */,
			);
			path = Pods;
			sourceTree = "<group>";
		};
		92C6ED88226FCB7900B6011C = {
			isa = PBXGroup;
			children = (
				7644E5007644CEC000000001 /* README.md */,
				92C6ED93226FCB7900B6011C /* CoreBluetoothClassicSample */,
				92C6ED92226FCB7900B6011C /* Products */,
				AD5C3E30AD5C3DF000000001 /* Configuration */,
				AD459A20AD45927000000001 /* LICENSE */,
				7A029B2321BB249A628A44AD /* Pods */,
				DCC0951BF1EDF6868036128B /* Frameworks */,
			);
			sourceTree = "<group>";
		};
		92C6ED92226FCB7900B6011C /* Products */ = {
			isa = PBXGroup;
			children = (
				92C6ED91226FCB7900B6011C /* CoreBluetoothClassicSample.app */,
			);
			name = Products;
			sourceTree = "<group>";
		};
		92C6ED93226FCB7900B6011C /* CoreBluetoothClassicSample */ = {
			isa = PBXGroup;
			children = (
				92C6ED94226FCB7900B6011C /* AppDelegate.swift */,
				92C6ED96226FCB7900B6011C /* CentralViewController.swift */,
				922FC56C2272832C0073879E /* PeripheralViewController.swift */,
				D645E4CC23CC734300A76FA8 /* LogsViewController.swift */,
				D645E4CA23CC732A00A76FA8 /* LogManager.swift */,
				D652026323CD8F270050C6FD /* GlobalConst.swift */,
				D652024B23CD8E3D0050C6FD /* SubVCs */,
				D652026623CDBA730050C6FD /* Products */,
				92C6ED98226FCB7900B6011C /* Main.storyboard */,
				92C6ED9B226FCB7A00B6011C /* Assets.xcassets */,
				92C6ED9D226FCB7A00B6011C /* LaunchScreen.storyboard */,
				92C6EDA0226FCB7A00B6011C /* Info.plist */,
			);
			path = CoreBluetoothClassicSample;
			sourceTree = "<group>";
		};
		AD459A20AD45927000000001 /* LICENSE */ = {
			isa = PBXGroup;
			children = (
				AD45A230AD459C8000000001 /* LICENSE.txt */,
			);
			path = LICENSE;
			sourceTree = "<group>";
		};
		AD5C3E30AD5C3DF000000001 /* Configuration */ = {
			isa = PBXGroup;
			children = (
				AD5C32F0AD5C30C000000001 /* SampleCode.xcconfig */,
			);
			name = Configuration;
			sourceTree = "<group>";
		};
		D652024B23CD8E3D0050C6FD /* SubVCs */ = {
			isa = PBXGroup;
			children = (
				D652024C23CD8E3D0050C6FD /* BaseViewController.swift */,
				D652024D23CD8E3D0050C6FD /* SyncData */,
				D652024F23CD8E3D0050C6FD /* DateTime */,
				D652025123CD8E3D0050C6FD /* HWOption */,
				D652025623CD8E3D0050C6FD /* Message */,
				D652025823CD8E3D0050C6FD /* DeviceConfig */,
			);
			path = SubVCs;
			sourceTree = "<group>";
		};
		D652024D23CD8E3D0050C6FD /* SyncData */ = {
			isa = PBXGroup;
			children = (
				D652024E23CD8E3D0050C6FD /* DataViewController.swift */,
			);
			path = SyncData;
			sourceTree = "<group>";
		};
		D652024F23CD8E3D0050C6FD /* DateTime */ = {
			isa = PBXGroup;
			children = (
				D652025023CD8E3D0050C6FD /* MoreViewController.swift */,
			);
			path = DateTime;
			sourceTree = "<group>";
		};
		D652025123CD8E3D0050C6FD /* HWOption */ = {
			isa = PBXGroup;
			children = (
				D652025223CD8E3D0050C6FD /* HWOptionController.swift */,
				D652025323CD8E3D0050C6FD /* CHOptionController.swift */,
				D652025423CD8E3D0050C6FD /* SedentaryViewController.swift */,
				D652025523CD8E3D0050C6FD /* ClockViewController.swift */,
			);
			path = HWOption;
			sourceTree = "<group>";
		};
		D652025623CD8E3D0050C6FD /* Message */ = {
			isa = PBXGroup;
			children = (
				D652025723CD8E3D0050C6FD /* BlackListViewController.swift */,
			);
			path = Message;
			sourceTree = "<group>";
		};
		D652025823CD8E3D0050C6FD /* DeviceConfig */ = {
			isa = PBXGroup;
			children = (
				D652025923CD8E3D0050C6FD /* DConfigViewController.swift */,
			);
			path = DeviceConfig;
			sourceTree = "<group>";
		};
		D652026623CDBA730050C6FD /* Products */ = {
			isa = PBXGroup;
			children = (
				D652026723CDBA7A0050C6FD /* Protobuf */,
				D6550BE323BE11FE007462B0 /* pb_instance_swift */,
			);
			path = Products;
			sourceTree = SOURCE_ROOT;
		};
		D652026723CDBA7A0050C6FD /* Protobuf */ = {
			isa = PBXGroup;
			children = (
				D652026823CDBB200050C6FD /* BLEProtobuf.swift */,
				D652026A23CDC5040050C6FD /* DataHandleProtobuf.swift */,
				D652026C23CDC5150050C6FD /* DataParseProtobuf.swift */,
				D652026E23CDC5BD0050C6FD /* BLEProtobuf_f.swift */,
			);
			path = Protobuf;
			sourceTree = "<group>";
		};
		D6550BE323BE11FE007462B0 /* pb_instance_swift */ = {
			isa = PBXGroup;
			children = (
				D6550BE423BE11FE007462B0 /* dev_info.pb.swift */,
				D6550BE523BE11FE007462B0 /* alarmclock.pb.swift */,
				D6550BE623BE11FE007462B0 /* custom_dial.pb.swift */,
				D6550BE723BE11FE007462B0 /* debug_conf.pb.swift */,
				D6550BE823BE11FE007462B0 /* gsm_command.pb.swift */,
				D6550BE923BE11FE007462B0 /* weather.pb.swift */,
				D6550BEA23BE11FE007462B0 /* con_params.pb.swift */,
				D6550BEB23BE11FE007462B0 /* device_conf.pb.swift */,
				D6550BEC23BE11FE007462B0 /* his_health_data.pb.swift */,
				D6550BED23BE11FE007462B0 /* om0_command.pb.swift */,
				D6550BEE23BE11FE007462B0 /* his_swim_data.pb.swift */,
				D6550BEF23BE11FE007462B0 /* phone_book.pb.swift */,
				D6550BF023BE11FE007462B0 /* sedentariness.pb.swift */,
				D6550BF123BE11FE007462B0 /* his_spo2_data.pb.swift */,
				D6550BF223BE11FE007462B0 /* his_ppg_data.pb.swift */,
				D6550BF323BE11FE007462B0 /* his_data.pb.swift */,
				D6550BF423BE11FE007462B0 /* data_info.pb.swift */,
				D6550BF523BE11FE007462B0 /* msg_notify.pb.swift */,
				D6550BF623BE11FE007462B0 /* his_ecg_data.pb.swift */,
				D6550BF723BE11FE007462B0 /* his_rri_data.pb.swift */,
				D6550BF823BE11FE007462B0 /* factory_test.pb.swift */,
				D6550BF923BE11FE007462B0 /* files_update.pb.swift */,
				D6550BFA23BE11FE007462B0 /* realtime_data.pb.swift */,
				D6550BFB23BE11FE007462B0 /* peer_info.pb.swift */,
				D6550BFC23BE11FE007462B0 /* his_gnss_data.pb.swift */,
				D6550BFD23BE11FE007462B0 /* calendar.pb.swift */,
				D6550BFE23BE11FE007462B0 /* airquality.pb.swift */,
				D6550BFF23BE11FE007462B0 /* motor_conf.pb.swift */,
				D6550C0023BE11FE007462B0 /* his_medic_data.pb.swift */,
				D6550C0123BE11FE007462B0 /* shbus_cmd.pb.swift */,
				D6550C0223BE11FE007462B0 /* c110_cmd.pb.swift */,
			);
			path = pb_instance_swift;
			sourceTree = "<group>";
		};
		DCC0951BF1EDF6868036128B /* Frameworks */ = {
			isa = PBXGroup;
			children = (
				C5E1CE08BFD1E8AAA6477910 /* Pods_CoreBluetoothClassicSample.framework */,
			);
			name = Frameworks;
			sourceTree = "<group>";
		};
/* End PBXGroup section */

/* Begin PBXNativeTarget section */
		92C6ED90226FCB7900B6011C /* CoreBluetoothClassicSample */ = {
			isa = PBXNativeTarget;
			buildConfigurationList = 92C6EDA3226FCB7A00B6011C /* Build configuration list for PBXNativeTarget "CoreBluetoothClassicSample" */;
			buildPhases = (
				9F6A54DE0492A398EE6013D6 /* [CP] Check Pods Manifest.lock */,
				92C6ED8D226FCB7900B6011C /* Sources */,
				92C6ED8E226FCB7900B6011C /* Frameworks */,
				92C6ED8F226FCB7900B6011C /* Resources */,
				B6AD5C10FCCE0E9DAA7B1598 /* [CP] Embed Pods Frameworks */,
			);
			buildRules = (
			);
			dependencies = (
			);
			name = CoreBluetoothClassicSample;
			productName = CattApp;
			productReference = 92C6ED91226FCB7900B6011C /* CoreBluetoothClassicSample.app */;
			productType = "com.apple.product-type.application";
		};
/* End PBXNativeTarget section */

/* Begin PBXProject section */
		92C6ED89226FCB7900B6011C /* Project object */ = {
			isa = PBXProject;
			attributes = {
				DefaultBuildSystemTypeForWorkspace = Latest;
				LastSwiftUpdateCheck = 1100;
				LastUpgradeCheck = 1100;
				ORGANIZATIONNAME = Apple;
				TargetAttributes = {
					92C6ED90226FCB7900B6011C = {
						CreatedOnToolsVersion = 11.0;
					};
				};
			};
			buildConfigurationList = 92C6ED8C226FCB7900B6011C /* Build configuration list for PBXProject "CoreBluetoothClassicSample" */;
			compatibilityVersion = "Xcode 9.3";
			developmentRegion = en;
			hasScannedForEncodings = 0;
			knownRegions = (
				en,
				Base,
			);
			mainGroup = 92C6ED88226FCB7900B6011C;
			productRefGroup = 92C6ED92226FCB7900B6011C /* Products */;
			projectDirPath = "";
			projectRoot = "";
			targets = (
				92C6ED90226FCB7900B6011C /* CoreBluetoothClassicSample */,
			);
		};
/* End PBXProject section */

/* Begin PBXResourcesBuildPhase section */
		92C6ED8F226FCB7900B6011C /* Resources */ = {
			isa = PBXResourcesBuildPhase;
			buildActionMask = 2147483647;
			files = (
				92C6ED9F226FCB7A00B6011C /* LaunchScreen.storyboard in Resources */,
				92C6ED9C226FCB7A00B6011C /* Assets.xcassets in Resources */,
				92C6ED9A226FCB7900B6011C /* Main.storyboard in Resources */,
			);
			runOnlyForDeploymentPostprocessing = 0;
		};
/* End PBXResourcesBuildPhase section */

/* Begin PBXShellScriptBuildPhase section */
		9F6A54DE0492A398EE6013D6 /* [CP] Check Pods Manifest.lock */ = {
			isa = PBXShellScriptBuildPhase;
			buildActionMask = 2147483647;
			files = (
			);
			inputFileListPaths = (
			);
			inputPaths = (
				"${PODS_PODFILE_DIR_PATH}/Podfile.lock",
				"${PODS_ROOT}/Manifest.lock",
			);
			name = "[CP] Check Pods Manifest.lock";
			outputFileListPaths = (
			);
			outputPaths = (
				"$(DERIVED_FILE_DIR)/Pods-CoreBluetoothClassicSample-checkManifestLockResult.txt",
			);
			runOnlyForDeploymentPostprocessing = 0;
			shellPath = /bin/sh;
			shellScript = "diff \"${PODS_PODFILE_DIR_PATH}/Podfile.lock\" \"${PODS_ROOT}/Manifest.lock\" > /dev/null\nif [ $? != 0 ] ; then\n    # print error to STDERR\n    echo \"error: The sandbox is not in sync with the Podfile.lock. Run 'pod install' or update your CocoaPods installation.\" >&2\n    exit 1\nfi\n# This output is used by Xcode 'outputs' to avoid re-running this script phase.\necho \"SUCCESS\" > \"${SCRIPT_OUTPUT_FILE_0}\"\n";
			showEnvVarsInLog = 0;
		};
		B6AD5C10FCCE0E9DAA7B1598 /* [CP] Embed Pods Frameworks */ = {
			isa = PBXShellScriptBuildPhase;
			buildActionMask = 2147483647;
			files = (
			);
			inputFileListPaths = (
				"${PODS_ROOT}/Target Support Files/Pods-CoreBluetoothClassicSample/Pods-CoreBluetoothClassicSample-frameworks-${CONFIGURATION}-input-files.xcfilelist",
			);
			name = "[CP] Embed Pods Frameworks";
			outputFileListPaths = (
				"${PODS_ROOT}/Target Support Files/Pods-CoreBluetoothClassicSample/Pods-CoreBluetoothClassicSample-frameworks-${CONFIGURATION}-output-files.xcfilelist",
			);
			runOnlyForDeploymentPostprocessing = 0;
			shellPath = /bin/sh;
			shellScript = "\"${PODS_ROOT}/Target Support Files/Pods-CoreBluetoothClassicSample/Pods-CoreBluetoothClassicSample-frameworks.sh\"\n";
			showEnvVarsInLog = 0;
		};
/* End PBXShellScriptBuildPhase section */

/* Begin PBXSourcesBuildPhase section */
		92C6ED8D226FCB7900B6011C /* Sources */ = {
			isa = PBXSourcesBuildPhase;
			buildActionMask = 2147483647;
			files = (
				D652026123CD8E3D0050C6FD /* BlackListViewController.swift in Sources */,
				D652025B23CD8E3D0050C6FD /* DataViewController.swift in Sources */,
				D6550C1223BE11FE007462B0 /* his_data.pb.swift in Sources */,
				D6550C1823BE11FE007462B0 /* files_update.pb.swift in Sources */,
				D6550C1523BE11FE007462B0 /* his_ecg_data.pb.swift in Sources */,
				D652025E23CD8E3D0050C6FD /* CHOptionController.swift in Sources */,
				92C6ED97226FCB7900B6011C /* CentralViewController.swift in Sources */,
				D6550C0A23BE11FE007462B0 /* device_conf.pb.swift in Sources */,
				D6550C0823BE11FE007462B0 /* weather.pb.swift in Sources */,
				D652025D23CD8E3D0050C6FD /* HWOptionController.swift in Sources */,
				D652026B23CDC5040050C6FD /* DataHandleProtobuf.swift in Sources */,
				D6550C2023BE11FE007462B0 /* shbus_cmd.pb.swift in Sources */,
				D6550C0623BE11FE007462B0 /* debug_conf.pb.swift in Sources */,
				922FC56D2272832C0073879E /* PeripheralViewController.swift in Sources */,
				D6550C1B23BE11FE007462B0 /* his_gnss_data.pb.swift in Sources */,
				D6550C0D23BE11FE007462B0 /* his_swim_data.pb.swift in Sources */,
				D652025A23CD8E3D0050C6FD /* BaseViewController.swift in Sources */,
				D645E4CD23CC734300A76FA8 /* LogsViewController.swift in Sources */,
				D6550C0B23BE11FE007462B0 /* his_health_data.pb.swift in Sources */,
				D652026023CD8E3D0050C6FD /* ClockViewController.swift in Sources */,
				D6550C1D23BE11FE007462B0 /* airquality.pb.swift in Sources */,
				D652026423CD8F270050C6FD /* GlobalConst.swift in Sources */,
				D652026223CD8E3D0050C6FD /* DConfigViewController.swift in Sources */,
				D6550C1123BE11FE007462B0 /* his_ppg_data.pb.swift in Sources */,
				D6550C0C23BE11FE007462B0 /* om0_command.pb.swift in Sources */,
				D652026D23CDC5150050C6FD /* DataParseProtobuf.swift in Sources */,
				D6550C1E23BE11FE007462B0 /* motor_conf.pb.swift in Sources */,
				D6550C0323BE11FE007462B0 /* dev_info.pb.swift in Sources */,
				D6550C1F23BE11FE007462B0 /* his_medic_data.pb.swift in Sources */,
				D652026F23CDC5BD0050C6FD /* BLEProtobuf_f.swift in Sources */,
				D6550C1423BE11FE007462B0 /* msg_notify.pb.swift in Sources */,
				D6550C0F23BE11FE007462B0 /* sedentariness.pb.swift in Sources */,
				D6550C0E23BE11FE007462B0 /* phone_book.pb.swift in Sources */,
				D652026923CDBB200050C6FD /* BLEProtobuf.swift in Sources */,
				D652025F23CD8E3D0050C6FD /* SedentaryViewController.swift in Sources */,
				D6550C0723BE11FE007462B0 /* gsm_command.pb.swift in Sources */,
				D6550C1623BE11FE007462B0 /* his_rri_data.pb.swift in Sources */,
				D6550C1323BE11FE007462B0 /* data_info.pb.swift in Sources */,
				D652025C23CD8E3D0050C6FD /* MoreViewController.swift in Sources */,
				92C6ED95226FCB7900B6011C /* AppDelegate.swift in Sources */,
				D6550C0923BE11FE007462B0 /* con_params.pb.swift in Sources */,
				D6550C1923BE11FE007462B0 /* realtime_data.pb.swift in Sources */,
				D6550C1C23BE11FE007462B0 /* calendar.pb.swift in Sources */,
				D6550C2123BE11FE007462B0 /* c110_cmd.pb.swift in Sources */,
				D6550C0423BE11FE007462B0 /* alarmclock.pb.swift in Sources */,
				D6550C1A23BE11FE007462B0 /* peer_info.pb.swift in Sources */,
				D645E4CB23CC732A00A76FA8 /* LogManager.swift in Sources */,
				D6550C0523BE11FE007462B0 /* custom_dial.pb.swift in Sources */,
				D6550C1023BE11FE007462B0 /* his_spo2_data.pb.swift in Sources */,
				D6550C1723BE11FE007462B0 /* factory_test.pb.swift in Sources */,
			);
			runOnlyForDeploymentPostprocessing = 0;
		};
/* End PBXSourcesBuildPhase section */

/* Begin PBXVariantGroup section */
		92C6ED98226FCB7900B6011C /* Main.storyboard */ = {
			isa = PBXVariantGroup;
			children = (
				92C6ED99226FCB7900B6011C /* Base */,
			);
			name = Main.storyboard;
			sourceTree = "<group>";
		};
		92C6ED9D226FCB7A00B6011C /* LaunchScreen.storyboard */ = {
			isa = PBXVariantGroup;
			children = (
				92C6ED9E226FCB7A00B6011C /* Base */,
			);
			name = LaunchScreen.storyboard;
			sourceTree = "<group>";
		};
/* End PBXVariantGroup section */

/* Begin XCBuildConfiguration section */
		92C6EDA1226FCB7A00B6011C /* Debug */ = {
			isa = XCBuildConfiguration;
			baseConfigurationReference = AD5C32F0AD5C30C000000001 /* SampleCode.xcconfig */;
			buildSettings = {
				ALWAYS_SEARCH_USER_PATHS = NO;
				CLANG_ANALYZER_NONNULL = YES;
				CLANG_ANALYZER_NUMBER_OBJECT_CONVERSION = YES_AGGRESSIVE;
				CLANG_CXX_LANGUAGE_STANDARD = "gnu++14";
				CLANG_CXX_LIBRARY = "libc++";
				CLANG_ENABLE_MODULES = YES;
				CLANG_ENABLE_OBJC_ARC = YES;
				CLANG_ENABLE_OBJC_WEAK = YES;
				CLANG_WARN_BLOCK_CAPTURE_AUTORELEASING = YES;
				CLANG_WARN_BOOL_CONVERSION = YES;
				CLANG_WARN_COMMA = YES;
				CLANG_WARN_CONSTANT_CONVERSION = YES;
				CLANG_WARN_DEPRECATED_OBJC_IMPLEMENTATIONS = YES;
				CLANG_WARN_DIRECT_OBJC_ISA_USAGE = YES_ERROR;
				CLANG_WARN_DOCUMENTATION_COMMENTS = YES;
				CLANG_WARN_EMPTY_BODY = YES;
				CLANG_WARN_ENUM_CONVERSION = YES;
				CLANG_WARN_INFINITE_RECURSION = YES;
				CLANG_WARN_INT_CONVERSION = YES;
				CLANG_WARN_NON_LITERAL_NULL_CONVERSION = YES;
				CLANG_WARN_OBJC_IMPLICIT_RETAIN_SELF = YES;
				CLANG_WARN_OBJC_LITERAL_CONVERSION = YES;
				CLANG_WARN_OBJC_ROOT_CLASS = YES_ERROR;
				CLANG_WARN_RANGE_LOOP_ANALYSIS = YES;
				CLANG_WARN_STRICT_PROTOTYPES = YES;
				CLANG_WARN_SUSPICIOUS_MOVE = YES;
				CLANG_WARN_UNGUARDED_AVAILABILITY = YES_AGGRESSIVE;
				CLANG_WARN_UNREACHABLE_CODE = YES;
				CLANG_WARN__DUPLICATE_METHOD_MATCH = YES;
				CODE_SIGN_IDENTITY = "iPhone Developer";
				COPY_PHASE_STRIP = NO;
				DEBUG_INFORMATION_FORMAT = dwarf;
				ENABLE_STRICT_OBJC_MSGSEND = YES;
				ENABLE_TESTABILITY = YES;
				GCC_C_LANGUAGE_STANDARD = gnu11;
				GCC_DYNAMIC_NO_PIC = NO;
				GCC_NO_COMMON_BLOCKS = YES;
				GCC_OPTIMIZATION_LEVEL = 0;
				GCC_PREPROCESSOR_DEFINITIONS = (
					"DEBUG=1",
					"$(inherited)",
				);
				GCC_WARN_64_TO_32_BIT_CONVERSION = YES;
				GCC_WARN_ABOUT_RETURN_TYPE = YES_ERROR;
				GCC_WARN_UNDECLARED_SELECTOR = YES;
				GCC_WARN_UNINITIALIZED_AUTOS = YES_AGGRESSIVE;
				GCC_WARN_UNUSED_FUNCTION = YES;
				GCC_WARN_UNUSED_VARIABLE = YES;
				IPHONEOS_DEPLOYMENT_TARGET = 13.0;
				MTL_ENABLE_DEBUG_INFO = INCLUDE_SOURCE;
				MTL_FAST_MATH = YES;
				ONLY_ACTIVE_ARCH = YES;
				SDKROOT = iphoneos;
				SWIFT_ACTIVE_COMPILATION_CONDITIONS = DEBUG;
				SWIFT_OPTIMIZATION_LEVEL = "-Onone";
				SWIFT_VERSION = 5.0;
			};
			name = Debug;
		};
		92C6EDA2226FCB7A00B6011C /* Release */ = {
			isa = XCBuildConfiguration;
			baseConfigurationReference = AD5C32F0AD5C30C000000001 /* SampleCode.xcconfig */;
			buildSettings = {
				ALWAYS_SEARCH_USER_PATHS = NO;
				CLANG_ANALYZER_NONNULL = YES;
				CLANG_ANALYZER_NUMBER_OBJECT_CONVERSION = YES_AGGRESSIVE;
				CLANG_CXX_LANGUAGE_STANDARD = "gnu++14";
				CLANG_CXX_LIBRARY = "libc++";
				CLANG_ENABLE_MODULES = YES;
				CLANG_ENABLE_OBJC_ARC = YES;
				CLANG_ENABLE_OBJC_WEAK = YES;
				CLANG_WARN_BLOCK_CAPTURE_AUTORELEASING = YES;
				CLANG_WARN_BOOL_CONVERSION = YES;
				CLANG_WARN_COMMA = YES;
				CLANG_WARN_CONSTANT_CONVERSION = YES;
				CLANG_WARN_DEPRECATED_OBJC_IMPLEMENTATIONS = YES;
				CLANG_WARN_DIRECT_OBJC_ISA_USAGE = YES_ERROR;
				CLANG_WARN_DOCUMENTATION_COMMENTS = YES;
				CLANG_WARN_EMPTY_BODY = YES;
				CLANG_WARN_ENUM_CONVERSION = YES;
				CLANG_WARN_INFINITE_RECURSION = YES;
				CLANG_WARN_INT_CONVERSION = YES;
				CLANG_WARN_NON_LITERAL_NULL_CONVERSION = YES;
				CLANG_WARN_OBJC_IMPLICIT_RETAIN_SELF = YES;
				CLANG_WARN_OBJC_LITERAL_CONVERSION = YES;
				CLANG_WARN_OBJC_ROOT_CLASS = YES_ERROR;
				CLANG_WARN_RANGE_LOOP_ANALYSIS = YES;
				CLANG_WARN_STRICT_PROTOTYPES = YES;
				CLANG_WARN_SUSPICIOUS_MOVE = YES;
				CLANG_WARN_UNGUARDED_AVAILABILITY = YES_AGGRESSIVE;
				CLANG_WARN_UNREACHABLE_CODE = YES;
				CLANG_WARN__DUPLICATE_METHOD_MATCH = YES;
				CODE_SIGN_IDENTITY = "iPhone Developer";
				COPY_PHASE_STRIP = NO;
				DEBUG_INFORMATION_FORMAT = "dwarf-with-dsym";
				ENABLE_NS_ASSERTIONS = NO;
				ENABLE_STRICT_OBJC_MSGSEND = YES;
				GCC_C_LANGUAGE_STANDARD = gnu11;
				GCC_NO_COMMON_BLOCKS = YES;
				GCC_WARN_64_TO_32_BIT_CONVERSION = YES;
				GCC_WARN_ABOUT_RETURN_TYPE = YES_ERROR;
				GCC_WARN_UNDECLARED_SELECTOR = YES;
				GCC_WARN_UNINITIALIZED_AUTOS = YES_AGGRESSIVE;
				GCC_WARN_UNUSED_FUNCTION = YES;
				GCC_WARN_UNUSED_VARIABLE = YES;
				IPHONEOS_DEPLOYMENT_TARGET = 13.0;
				MTL_ENABLE_DEBUG_INFO = NO;
				MTL_FAST_MATH = YES;
				SDKROOT = iphoneos;
				SWIFT_COMPILATION_MODE = wholemodule;
				SWIFT_OPTIMIZATION_LEVEL = "-O";
				SWIFT_VERSION = 5.0;
				VALIDATE_PRODUCT = YES;
			};
			name = Release;
		};
		92C6EDA4226FCB7A00B6011C /* Debug */ = {
			isa = XCBuildConfiguration;
			baseConfigurationReference = 328D6D6244D544BBDF53A412 /* Pods-CoreBluetoothClassicSample.debug.xcconfig */;
			buildSettings = {
				ASSETCATALOG_COMPILER_APPICON_NAME = AppIcon;
				CODE_SIGN_IDENTITY = "iPhone Developer";
				CODE_SIGN_STYLE = Automatic;
				DEVELOPMENT_TEAM = L855ZMKEYR;
				INFOPLIST_FILE = CoreBluetoothClassicSample/Info.plist;
				LD_RUNPATH_SEARCH_PATHS = (
					"$(inherited)",
					"@executable_path/Frameworks",
				);
				PRODUCT_BUNDLE_IDENTIFIER = "com.example.apple-samplecode.CoreBluetoothClassicSample${SAMPLE_CODE_DISAMBIGUATOR}";
				PRODUCT_NAME = "$(TARGET_NAME)";
				PROVISIONING_PROFILE_SPECIFIER = "";
				SWIFT_VERSION = 5.0;
				TARGETED_DEVICE_FAMILY = "1,2";
			};
			name = Debug;
		};
		92C6EDA5226FCB7A00B6011C /* Release */ = {
			isa = XCBuildConfiguration;
			baseConfigurationReference = 937977F04A39469897A826E5 /* Pods-CoreBluetoothClassicSample.release.xcconfig */;
			buildSettings = {
				ASSETCATALOG_COMPILER_APPICON_NAME = AppIcon;
				CODE_SIGN_IDENTITY = "iPhone Developer";
				CODE_SIGN_STYLE = Automatic;
				DEVELOPMENT_TEAM = L855ZMKEYR;
				INFOPLIST_FILE = CoreBluetoothClassicSample/Info.plist;
				LD_RUNPATH_SEARCH_PATHS = (
					"$(inherited)",
					"@executable_path/Frameworks",
				);
				PRODUCT_BUNDLE_IDENTIFIER = "com.example.apple-samplecode.CoreBluetoothClassicSample${SAMPLE_CODE_DISAMBIGUATOR}";
				PRODUCT_NAME = "$(TARGET_NAME)";
				PROVISIONING_PROFILE_SPECIFIER = "";
				SWIFT_VERSION = 5.0;
				TARGETED_DEVICE_FAMILY = "1,2";
			};
			name = Release;
		};
/* End XCBuildConfiguration section */

/* Begin XCConfigurationList section */
		92C6ED8C226FCB7900B6011C /* Build configuration list for PBXProject "CoreBluetoothClassicSample" */ = {
			isa = XCConfigurationList;
			buildConfigurations = (
				92C6EDA1226FCB7A00B6011C /* Debug */,
				92C6EDA2226FCB7A00B6011C /* Release */,
			);
			defaultConfigurationIsVisible = 0;
			defaultConfigurationName = Release;
		};
		92C6EDA3226FCB7A00B6011C /* Build configuration list for PBXNativeTarget "CoreBluetoothClassicSample" */ = {
			isa = XCConfigurationList;
			buildConfigurations = (
				92C6EDA4226FCB7A00B6011C /* Debug */,
				92C6EDA5226FCB7A00B6011C /* Release */,
			);
			defaultConfigurationIsVisible = 0;
			defaultConfigurationName = Release;
		};
/* End XCConfigurationList section */
	};
	rootObject = 92C6ED89226FCB7900B6011C /* Project object */;
}
