PODS:
  - SwiftDate (6.1.0)
  - SwiftProtobuf (1.7.0)

DEPENDENCIES:
  - SwiftDate
  - SwiftProtobuf (~> 1.0)

SPEC REPOS:
  trunk:
    - SwiftDate
    - SwiftProtobuf

SPEC CHECKSUMS:
  SwiftDate: fa2bb3962056bb44047b4b85a30044e5eae30b03
  SwiftProtobuf: 4fd9645e69b72cbae6ec8da5be0cdd20ca6565dd

PODFILE CHECKSUM: 0d775057f4d5530f22c5b3886595e19929b170fe

COCOAPODS: 1.8.4
